FORGE
  remote: https://forgeapi.puppetlabs.com
  specs:
    jfryman-nginx (0.1.1)
      puppetlabs-apt (>= 1.0.0)
      puppetlabs-concat (>= 1.1.0)
      puppetlabs-stdlib (>= 3.0.0)
      ripienaar-module_data (>= 0.0.3)
    maestrodev-rvm (1.6.6)
      puppetlabs-stdlib (>= 3.2.0)
    ploperations-bundler (1.0.1)
      puppetlabs-ruby (>= 0.0.2)
    ploperations-rack (0.0.2)
      puppetlabs-ruby (>= 0.1.0)
    ploperations-unicorn (1.1.0)
      ploperations-bundler (>= 0.0.1)
      ploperations-rack (>= 0)
      puppetlabs-ruby (>= 0.1.0)
    puppetlabs-apt (1.7.0)
      puppetlabs-stdlib (>= 2.2.1)
    puppetlabs-concat (1.1.2)
      puppetlabs-stdlib (< 5.0.0, >= 3.2.0)
    puppetlabs-ruby (0.3.0)
      puppetlabs-stdlib (< 5.0.0, >= 3.2.0)
    puppetlabs-stdlib (4.3.2)
    ripienaar-module_data (0.0.3)

DEPENDENCIES
  jfryman-nginx (>= 0)
  maestrodev-rvm (>= 0)
  ploperations-bundler (>= 0)
  ploperations-unicorn (>= 0)
  puppetlabs-apt (>= 0)
  puppetlabs-ruby (>= 0)
  puppetlabs-stdlib (>= 0)

